
Microsoft Visual Studio Solution File, Format Version 12.00
# Visual Studio Version 17
VisualStudioVersion = 17.9.34607.119
MinimumVisualStudioVersion = 10.0.40219.1
Project("{FAE04EC0-301F-11D3-BF4B-00C04F79EFBC}") = "FIzzBuzzTDD", "FIzzBuzzTDD.csproj", "{98C35C7D-192D-4CDC-8739-FE389A0E5439}"
EndProject
Global
	GlobalSection(SolutionConfigurationPlatforms) = preSolution
		Debug|Any CPU = Debug|Any CPU
		Release|Any CPU = Release|Any CPU
	EndGlobalSection
	GlobalSection(ProjectConfigurationPlatforms) = postSolution
		{98C35C7D-192D-4CDC-8739-FE389A0E5439}.Debug|Any CPU.ActiveCfg = Debug|Any CPU
		{98C35C7D-192D-4CDC-8739-FE389A0E5439}.Debug|Any CPU.Build.0 = Debug|Any CPU
		{98C35C7D-192D-4CDC-8739-FE389A0E5439}.Release|Any CPU.ActiveCfg = Release|Any CPU
		{98C35C7D-192D-4CDC-8739-FE389A0E5439}.Release|Any CPU.Build.0 = Release|Any CPU
	EndGlobalSection
	GlobalSection(SolutionProperties) = preSolution
		HideSolutionNode = FALSE
	EndGlobalSection
	GlobalSection(ExtensibilityGlobals) = postSolution
		SolutionGuid = {0F0CBB19-A835-4B54-8D22-D111826EAA10}
	EndGlobalSection
EndGlobal
